
Microsoft Visual Studio Solution File, Format Version 12.00
# Visual Studio 2012
Project("{FAE04EC0-301F-11D3-BF4B-00C04F79EFBC}") = "FrameCopyier", "FrameCopyier\FrameCopyier.csproj", "{FAF5A648-E172-4D07-A5F8-3AC291FF5A13}"
EndProject
Project("{FAE04EC0-301F-11D3-BF4B-00C04F79EFBC}") = "Services.Tests", "Services.Tests\Services.Tests.csproj", "{BC2B762A-60CA-4E49-967C-8FDA4E67F38A}"
EndProject
Project("{FAE04EC0-301F-11D3-BF4B-00C04F79EFBC}") = "LogoRec.Forms", "LogoRec.Forms\LogoRec.Forms.csproj", "{9B9B0B99-1701-491A-A2AF-1A0C42550457}"
EndProject
Project("{2150E333-8FDC-42A3-9474-1A3956D46DE8}") = ".nuget", ".nuget", "{F296187C-065A-4054-96B0-0EF914603A81}"
	ProjectSection(SolutionItems) = preProject
		.nuget\NuGet.Config = .nuget\NuGet.Config
		.nuget\NuGet.exe = .nuget\NuGet.exe
		.nuget\NuGet.targets = .nuget\NuGet.targets
	EndProjectSection
EndProject
Project("{FAE04EC0-301F-11D3-BF4B-00C04F79EFBC}") = "LogoRec.Playground", "LogoRec.Playground\LogoRec.Playground.csproj", "{F23D8C46-758D-4E76-9EE9-DD4C92B4FB98}"
EndProject
Project("{FAE04EC0-301F-11D3-BF4B-00C04F79EFBC}") = "LogoRec.Services", "LogoRec.Services\LogoRec.Services.csproj", "{F1F8C6F5-65C1-470B-87D7-319EDE7B04E6}"
EndProject
Project("{FAE04EC0-301F-11D3-BF4B-00C04F79EFBC}") = "LogoRec.Shared", "LogoRec.Shared\LogoRec.Shared.csproj", "{415190D7-AAD4-4CEF-8CB7-A37F843359EC}"
EndProject
Project("{2150E333-8FDC-42A3-9474-1A3956D46DE8}") = "Tools", "Tools", "{381ABC87-C4AD-48D6-AC77-274952BF6A64}"
EndProject
Global
	GlobalSection(SolutionConfigurationPlatforms) = preSolution
		Debug|Any CPU = Debug|Any CPU
		Release|Any CPU = Release|Any CPU
	EndGlobalSection
	GlobalSection(ProjectConfigurationPlatforms) = postSolution
		{FAF5A648-E172-4D07-A5F8-3AC291FF5A13}.Debug|Any CPU.ActiveCfg = Debug|Any CPU
		{FAF5A648-E172-4D07-A5F8-3AC291FF5A13}.Debug|Any CPU.Build.0 = Debug|Any CPU
		{FAF5A648-E172-4D07-A5F8-3AC291FF5A13}.Release|Any CPU.ActiveCfg = Release|Any CPU
		{FAF5A648-E172-4D07-A5F8-3AC291FF5A13}.Release|Any CPU.Build.0 = Release|Any CPU
		{BC2B762A-60CA-4E49-967C-8FDA4E67F38A}.Debug|Any CPU.ActiveCfg = Debug|Any CPU
		{BC2B762A-60CA-4E49-967C-8FDA4E67F38A}.Debug|Any CPU.Build.0 = Debug|Any CPU
		{BC2B762A-60CA-4E49-967C-8FDA4E67F38A}.Release|Any CPU.ActiveCfg = Release|Any CPU
		{BC2B762A-60CA-4E49-967C-8FDA4E67F38A}.Release|Any CPU.Build.0 = Release|Any CPU
		{9B9B0B99-1701-491A-A2AF-1A0C42550457}.Debug|Any CPU.ActiveCfg = Debug|Any CPU
		{9B9B0B99-1701-491A-A2AF-1A0C42550457}.Debug|Any CPU.Build.0 = Debug|Any CPU
		{9B9B0B99-1701-491A-A2AF-1A0C42550457}.Release|Any CPU.ActiveCfg = Release|Any CPU
		{9B9B0B99-1701-491A-A2AF-1A0C42550457}.Release|Any CPU.Build.0 = Release|Any CPU
		{F23D8C46-758D-4E76-9EE9-DD4C92B4FB98}.Debug|Any CPU.ActiveCfg = Debug|Any CPU
		{F23D8C46-758D-4E76-9EE9-DD4C92B4FB98}.Debug|Any CPU.Build.0 = Debug|Any CPU
		{F23D8C46-758D-4E76-9EE9-DD4C92B4FB98}.Release|Any CPU.ActiveCfg = Release|Any CPU
		{F23D8C46-758D-4E76-9EE9-DD4C92B4FB98}.Release|Any CPU.Build.0 = Release|Any CPU
		{F1F8C6F5-65C1-470B-87D7-319EDE7B04E6}.Debug|Any CPU.ActiveCfg = Debug|Any CPU
		{F1F8C6F5-65C1-470B-87D7-319EDE7B04E6}.Debug|Any CPU.Build.0 = Debug|Any CPU
		{F1F8C6F5-65C1-470B-87D7-319EDE7B04E6}.Release|Any CPU.ActiveCfg = Release|Any CPU
		{F1F8C6F5-65C1-470B-87D7-319EDE7B04E6}.Release|Any CPU.Build.0 = Release|Any CPU
		{415190D7-AAD4-4CEF-8CB7-A37F843359EC}.Debug|Any CPU.ActiveCfg = Debug|Any CPU
		{415190D7-AAD4-4CEF-8CB7-A37F843359EC}.Debug|Any CPU.Build.0 = Debug|Any CPU
		{415190D7-AAD4-4CEF-8CB7-A37F843359EC}.Release|Any CPU.ActiveCfg = Release|Any CPU
		{415190D7-AAD4-4CEF-8CB7-A37F843359EC}.Release|Any CPU.Build.0 = Release|Any CPU
	EndGlobalSection
	GlobalSection(SolutionProperties) = preSolution
		HideSolutionNode = FALSE
	EndGlobalSection
	GlobalSection(NestedProjects) = preSolution
		{FAF5A648-E172-4D07-A5F8-3AC291FF5A13} = {381ABC87-C4AD-48D6-AC77-274952BF6A64}
		{F23D8C46-758D-4E76-9EE9-DD4C92B4FB98} = {381ABC87-C4AD-48D6-AC77-274952BF6A64}
	EndGlobalSection
EndGlobal
